
Microsoft Visual Studio Solution File, Format Version 12.00
# Visual Studio Version 17
VisualStudioVersion = 17.14.36429.23 d17.14
MinimumVisualStudioVersion = 10.0.40219.1
Project("{FAE04EC0-301F-11D3-BF4B-00C04F79EFBC}") = "WebApplication", "WebApplication.csproj", "{0F4A4958-E2A1-450A-A586-E5D3E4661DA4}"
EndProject
Project("{FAE04EC0-301F-11D3-BF4B-00C04F79EFBC}") = "Web.Application", "..\Web.Application\Web.Application.csproj", "{7BD7631C-828A-45CC-BA58-3F3B188000A3}"
EndProject
Project("{FAE04EC0-301F-11D3-BF4B-00C04F79EFBC}") = "Web.Core", "..\Web.Core\Web.Core.csproj", "{B49462B0-6D31-434B-AAD9-1226DE8D8791}"
EndProject
Project("{FAE04EC0-301F-11D3-BF4B-00C04F79EFBC}") = "Web.Infrastructure", "..\Infrastructurre\Web.Infrastructure.csproj", "{2AA09E85-450C-428D-9508-D53B285B8DAE}"
EndProject
Project("{FAE04EC0-301F-11D3-BF4B-00C04F79EFBC}") = "Web.Presentation", "..\Web.Presentation\Web.Presentation.csproj", "{11EE39EF-4591-4D91-A650-A0C957753630}"
EndProject
Global
	GlobalSection(SolutionConfigurationPlatforms) = preSolution
		Debug|Any CPU = Debug|Any CPU
		Release|Any CPU = Release|Any CPU
	EndGlobalSection
	GlobalSection(ProjectConfigurationPlatforms) = postSolution
		{0F4A4958-E2A1-450A-A586-E5D3E4661DA4}.Debug|Any CPU.ActiveCfg = Debug|Any CPU
		{0F4A4958-E2A1-450A-A586-E5D3E4661DA4}.Debug|Any CPU.Build.0 = Debug|Any CPU
		{0F4A4958-E2A1-450A-A586-E5D3E4661DA4}.Release|Any CPU.ActiveCfg = Release|Any CPU
		{0F4A4958-E2A1-450A-A586-E5D3E4661DA4}.Release|Any CPU.Build.0 = Release|Any CPU
		{7BD7631C-828A-45CC-BA58-3F3B188000A3}.Debug|Any CPU.ActiveCfg = Debug|Any CPU
		{7BD7631C-828A-45CC-BA58-3F3B188000A3}.Debug|Any CPU.Build.0 = Debug|Any CPU
		{7BD7631C-828A-45CC-BA58-3F3B188000A3}.Release|Any CPU.ActiveCfg = Release|Any CPU
		{7BD7631C-828A-45CC-BA58-3F3B188000A3}.Release|Any CPU.Build.0 = Release|Any CPU
		{B49462B0-6D31-434B-AAD9-1226DE8D8791}.Debug|Any CPU.ActiveCfg = Debug|Any CPU
		{B49462B0-6D31-434B-AAD9-1226DE8D8791}.Debug|Any CPU.Build.0 = Debug|Any CPU
		{B49462B0-6D31-434B-AAD9-1226DE8D8791}.Release|Any CPU.ActiveCfg = Release|Any CPU
		{B49462B0-6D31-434B-AAD9-1226DE8D8791}.Release|Any CPU.Build.0 = Release|Any CPU
		{2AA09E85-450C-428D-9508-D53B285B8DAE}.Debug|Any CPU.ActiveCfg = Debug|Any CPU
		{2AA09E85-450C-428D-9508-D53B285B8DAE}.Debug|Any CPU.Build.0 = Debug|Any CPU
		{2AA09E85-450C-428D-9508-D53B285B8DAE}.Release|Any CPU.ActiveCfg = Release|Any CPU
		{2AA09E85-450C-428D-9508-D53B285B8DAE}.Release|Any CPU.Build.0 = Release|Any CPU
		{11EE39EF-4591-4D91-A650-A0C957753630}.Debug|Any CPU.ActiveCfg = Debug|Any CPU
		{11EE39EF-4591-4D91-A650-A0C957753630}.Debug|Any CPU.Build.0 = Debug|Any CPU
		{11EE39EF-4591-4D91-A650-A0C957753630}.Release|Any CPU.ActiveCfg = Release|Any CPU
		{11EE39EF-4591-4D91-A650-A0C957753630}.Release|Any CPU.Build.0 = Release|Any CPU
	EndGlobalSection
	GlobalSection(SolutionProperties) = preSolution
		HideSolutionNode = FALSE
	EndGlobalSection
	GlobalSection(ExtensibilityGlobals) = postSolution
		SolutionGuid = {B51FE489-EB42-48A2-8499-E499EBA99113}
	EndGlobalSection
EndGlobal
